
Microsoft Visual Studio Solution File, Format Version 12.00
# Visual Studio 2012
Project("{FAE04EC0-301F-11D3-BF4B-00C04F79EFBC}") = "Naxam.Paypal.DataCollector", "Naxam.Paypal.DataCollector\Naxam.Paypal.DataCollector.csproj", "{FE6D93EB-44EE-4C02-9BBB-B590472D25BB}"
EndProject
Global
	GlobalSection(SolutionConfigurationPlatforms) = preSolution
		Debug|Any CPU = Debug|Any CPU
		Release|Any CPU = Release|Any CPU
	EndGlobalSection
	GlobalSection(ProjectConfigurationPlatforms) = postSolution
		{FE6D93EB-44EE-4C02-9BBB-B590472D25BB}.Debug|Any CPU.ActiveCfg = Debug|Any CPU
		{FE6D93EB-44EE-4C02-9BBB-B590472D25BB}.Debug|Any CPU.Build.0 = Debug|Any CPU
		{FE6D93EB-44EE-4C02-9BBB-B590472D25BB}.Release|Any CPU.ActiveCfg = Release|Any CPU
		{FE6D93EB-44EE-4C02-9BBB-B590472D25BB}.Release|Any CPU.Build.0 = Release|Any CPU
	EndGlobalSection
EndGlobal
